// !$*UTF8*$!
{
	archiveVersion = 1;
	classes = {
	};
	objectVersion = 46;
	objects = {

/* Begin PBXBuildFile section */
		BFB88E3B1970614600A4E7FB /* Foundation.framework in Frameworks */ = {isa = PBXBuildFile; fileRef = BFB88E3A1970614600A4E7FB /* Foundation.framework */; };
		BFB88E3D1970614600A4E7FB /* CoreGraphics.framework in Frameworks */ = {isa = PBXBuildFile; fileRef = BFB88E3C1970614600A4E7FB /* CoreGraphics.framework */; };
		BFB88E3F1970614600A4E7FB /* UIKit.framework in Frameworks */ = {isa = PBXBuildFile; fileRef = BFB88E3E1970614600A4E7FB /* UIKit.framework */; };
		BFB88E451970614600A4E7FB /* InfoPlist.strings in Resources */ = {isa = PBXBuildFile; fileRef = BFB88E431970614600A4E7FB /* InfoPlist.strings */; };
		BFB88E471970614600A4E7FB /* main.m in Sources */ = {isa = PBXBuildFile; fileRef = BFB88E461970614600A4E7FB /* main.m */; };
		BFB88E4B1970614600A4E7FB /* AppDelegate.m in Sources */ = {isa = PBXBuildFile; fileRef = BFB88E4A1970614600A4E7FB /* AppDelegate.m */; };
		BFB88E4E1970614600A4E7FB /* Main.storyboard in Resources */ = {isa = PBXBuildFile; fileRef = BFB88E4C1970614600A4E7FB /* Main.storyboard */; };
		BFB88E511970614600A4E7FB /* ViewController.m in Sources */ = {isa = PBXBuildFile; fileRef = BFB88E501970614600A4E7FB /* ViewController.m */; };
		BFB88E531970614600A4E7FB /* Images.xcassets in Resources */ = {isa = PBXBuildFile; fileRef = BFB88E521970614600A4E7FB /* Images.xcassets */; };
		BFB88E5A1970614600A4E7FB /* XCTest.framework in Frameworks */ = {isa = PBXBuildFile; fileRef = BFB88E591970614600A4E7FB /* XCTest.framework */; };
		BFB88E5B1970614600A4E7FB /* Foundation.framework in Frameworks */ = {isa = PBXBuildFile; fileRef = BFB88E3A1970614600A4E7FB /* Foundation.framework */; };
		BFB88E5C1970614600A4E7FB /* UIKit.framework in Frameworks */ = {isa = PBXBuildFile; fileRef = BFB88E3E1970614600A4E7FB /* UIKit.framework */; };
		BFB88E641970614600A4E7FB /* InfoPlist.strings in Resources */ = {isa = PBXBuildFile; fileRef = BFB88E621970614600A4E7FB /* InfoPlist.strings */; };
		BFB88E661970614600A4E7FB /* iOS_Project_ProtoTypeTests.m in Sources */ = {isa = PBXBuildFile; fileRef = BFB88E651970614600A4E7FB /* iOS_Project_ProtoTypeTests.m */; };
		BFB88E711970616F00A4E7FB /* DBManager.m in Sources */ = {isa = PBXBuildFile; fileRef = BFB88E701970616F00A4E7FB /* DBManager.m */; };
		BFB88E73197061D800A4E7FB /* libsqlite3.dylib in Frameworks */ = {isa = PBXBuildFile; fileRef = BFB88E72197061D800A4E7FB /* libsqlite3.dylib */; };
/* End PBXBuildFile section */

/* Begin PBXContainerItemProxy section */
		BFB88E5D1970614600A4E7FB /* PBXContainerItemProxy */ = {
			isa = PBXContainerItemProxy;
			containerPortal = BFB88E2F1970614600A4E7FB /* Project object */;
			proxyType = 1;
			remoteGlobalIDString = BFB88E361970614600A4E7FB;
			remoteInfo = iOS_Project_ProtoType;
		};
/* End PBXContainerItemProxy section */

/* Begin PBXFileReference section */
		BFB88E371970614600A4E7FB /* iOS_Project_ProtoType.app */ = {isa = PBXFileReference; explicitFileType = wrapper.application; includeInIndex = 0; path = iOS_Project_ProtoType.app; sourceTree = BUILT_PRODUCTS_DIR; };
		BFB88E3A1970614600A4E7FB /* Foundation.framework */ = {isa = PBXFileReference; lastKnownFileType = wrapper.framework; name = Foundation.framework; path = System/Library/Frameworks/Foundation.framework; sourceTree = SDKROOT; };
		BFB88E3C1970614600A4E7FB /* CoreGraphics.framework */ = {isa = PBXFileReference; lastKnownFileType = wrapper.framework; name = CoreGraphics.framework; path = System/Library/Frameworks/CoreGraphics.framework; sourceTree = SDKROOT; };
		BFB88E3E1970614600A4E7FB /* UIKit.framework */ = {isa = PBXFileReference; lastKnownFileType = wrapper.framework; name = UIKit.framework; path = System/Library/Frameworks/UIKit.framework; sourceTree = SDKROOT; };
		BFB88E421970614600A4E7FB /* iOS_Project_ProtoType-Info.plist */ = {isa = PBXFileReference; lastKnownFileType = text.plist.xml; path = "iOS_Project_ProtoType-Info.plist"; sourceTree = "<group>"; };
		BFB88E441970614600A4E7FB /* en */ = {isa = PBXFileReference; lastKnownFileType = text.plist.strings; name = en; path = en.lproj/InfoPlist.strings; sourceTree = "<group>"; };
		BFB88E461970614600A4E7FB /* main.m */ = {isa = PBXFileReference; lastKnownFileType = sourcecode.c.objc; path = main.m; sourceTree = "<group>"; };
		BFB88E481970614600A4E7FB /* iOS_Project_ProtoType-Prefix.pch */ = {isa = PBXFileReference; lastKnownFileType = sourcecode.c.h; path = "iOS_Project_ProtoType-Prefix.pch"; sourceTree = "<group>"; };
		BFB88E491970614600A4E7FB /* AppDelegate.h */ = {isa = PBXFileReference; lastKnownFileType = sourcecode.c.h; path = AppDelegate.h; sourceTree = "<group>"; };
		BFB88E4A1970614600A4E7FB /* AppDelegate.m */ = {isa = PBXFileReference; lastKnownFileType = sourcecode.c.objc; path = AppDelegate.m; sourceTree = "<group>"; };
		BFB88E4D1970614600A4E7FB /* Base */ = {isa = PBXFileReference; lastKnownFileType = file.storyboard; name = Base; path = Base.lproj/Main.storyboard; sourceTree = "<group>"; };
		BFB88E4F1970614600A4E7FB /* ViewController.h */ = {isa = PBXFileReference; lastKnownFileType = sourcecode.c.h; path = ViewController.h; sourceTree = "<group>"; };
		BFB88E501970614600A4E7FB /* ViewController.m */ = {isa = PBXFileReference; lastKnownFileType = sourcecode.c.objc; path = ViewController.m; sourceTree = "<group>"; };
		BFB88E521970614600A4E7FB /* Images.xcassets */ = {isa = PBXFileReference; lastKnownFileType = folder.assetcatalog; path = Images.xcassets; sourceTree = "<group>"; };
		BFB88E581970614600A4E7FB /* iOS_Project_ProtoTypeTests.xctest */ = {isa = PBXFileReference; explicitFileType = wrapper.cfbundle; includeInIndex = 0; path = iOS_Project_ProtoTypeTests.xctest; sourceTree = BUILT_PRODUCTS_DIR; };
		BFB88E591970614600A4E7FB /* XCTest.framework */ = {isa = PBXFileReference; lastKnownFileType = wrapper.framework; name = XCTest.framework; path = Library/Frameworks/XCTest.framework; sourceTree = DEVELOPER_DIR; };
		BFB88E611970614600A4E7FB /* iOS_Project_ProtoTypeTests-Info.plist */ = {isa = PBXFileReference; lastKnownFileType = text.plist.xml; path = "iOS_Project_ProtoTypeTests-Info.plist"; sourceTree = "<group>"; };
		BFB88E631970614600A4E7FB /* en */ = {isa = PBXFileReference; lastKnownFileType = text.plist.strings; name = en; path = en.lproj/InfoPlist.strings; sourceTree = "<group>"; };
		BFB88E651970614600A4E7FB /* iOS_Project_ProtoTypeTests.m */ = {isa = PBXFileReference; lastKnownFileType = sourcecode.c.objc; path = iOS_Project_ProtoTypeTests.m; sourceTree = "<group>"; };
		BFB88E6F1970616F00A4E7FB /* DBManager.h */ = {isa = PBXFileReference; fileEncoding = 4; lastKnownFileType = sourcecode.c.h; path = DBManager.h; sourceTree = "<group>"; };
		BFB88E701970616F00A4E7FB /* DBManager.m */ = {isa = PBXFileReference; fileEncoding = 4; lastKnownFileType = sourcecode.c.objc; path = DBManager.m; sourceTree = "<group>"; };
		BFB88E72197061D800A4E7FB /* libsqlite3.dylib */ = {isa = PBXFileReference; lastKnownFileType = "compiled.mach-o.dylib"; name = libsqlite3.dylib; path = usr/lib/libsqlite3.dylib; sourceTree = SDKROOT; };
/* End PBXFileReference section */

/* Begin PBXFrameworksBuildPhase section */
		BFB88E341970614600A4E7FB /* Frameworks */ = {
			isa = PBXFrameworksBuildPhase;
			buildActionMask = 2147483647;
			files = (
				BFB88E73197061D800A4E7FB /* libsqlite3.dylib in Frameworks */,
				BFB88E3D1970614600A4E7FB /* CoreGraphics.framework in Frameworks */,
				BFB88E3F1970614600A4E7FB /* UIKit.framework in Frameworks */,
				BFB88E3B1970614600A4E7FB /* Foundation.framework in Frameworks */,
			);
			runOnlyForDeploymentPostprocessing = 0;
		};
		BFB88E551970614600A4E7FB /* Frameworks */ = {
			isa = PBXFrameworksBuildPhase;
			buildActionMask = 2147483647;
			files = (
				BFB88E5A1970614600A4E7FB /* XCTest.framework in Frameworks */,
				BFB88E5C1970614600A4E7FB /* UIKit.framework in Frameworks */,
				BFB88E5B1970614600A4E7FB /* Foundation.framework in Frameworks */,
			);
			runOnlyForDeploymentPostprocessing = 0;
		};
/* End PBXFrameworksBuildPhase section */

/* Begin PBXGroup section */
		BFB88E2E1970614600A4E7FB = {
			isa = PBXGroup;
			children = (
				BFB88E401970614600A4E7FB /* iOS_Project_ProtoType */,
				BFB88E5F1970614600A4E7FB /* iOS_Project_ProtoTypeTests */,
				BFB88E391970614600A4E7FB /* Frameworks */,
				BFB88E381970614600A4E7FB /* Products */,
			);
			sourceTree = "<group>";
		};
		BFB88E381970614600A4E7FB /* Products */ = {
			isa = PBXGroup;
			children = (
				BFB88E371970614600A4E7FB /* iOS_Project_ProtoType.app */,
				BFB88E581970614600A4E7FB /* iOS_Project_ProtoTypeTests.xctest */,
			);
			name = Products;
			sourceTree = "<group>";
		};
		BFB88E391970614600A4E7FB /* Frameworks */ = {
			isa = PBXGroup;
			children = (
				BFB88E72197061D800A4E7FB /* libsqlite3.dylib */,
				BFB88E3A1970614600A4E7FB /* Foundation.framework */,
				BFB88E3C1970614600A4E7FB /* CoreGraphics.framework */,
				BFB88E3E1970614600A4E7FB /* UIKit.framework */,
				BFB88E591970614600A4E7FB /* XCTest.framework */,
			);
			name = Frameworks;
			sourceTree = "<group>";
		};
		BFB88E401970614600A4E7FB /* iOS_Project_ProtoType */ = {
			isa = PBXGroup;
			children = (
				BFB88E6F1970616F00A4E7FB /* DBManager.h */,
				BFB88E701970616F00A4E7FB /* DBManager.m */,
				BFB88E491970614600A4E7FB /* AppDelegate.h */,
				BFB88E4A1970614600A4E7FB /* AppDelegate.m */,
				BFB88E4C1970614600A4E7FB /* Main.storyboard */,
				BFB88E4F1970614600A4E7FB /* ViewController.h */,
				BFB88E501970614600A4E7FB /* ViewController.m */,
				BFB88E521970614600A4E7FB /* Images.xcassets */,
				BFB88E411970614600A4E7FB /* Supporting Files */,
			);
			path = iOS_Project_ProtoType;
			sourceTree = "<group>";
		};
		BFB88E411970614600A4E7FB /* Supporting Files */ = {
			isa = PBXGroup;
			children = (
				BFB88E421970614600A4E7FB /* iOS_Project_ProtoType-Info.plist */,
				BFB88E431970614600A4E7FB /* InfoPlist.strings */,
				BFB88E461970614600A4E7FB /* main.m */,
				BFB88E481970614600A4E7FB /* iOS_Project_ProtoType-Prefix.pch */,
			);
			name = "Supporting Files";
			sourceTree = "<group>";
		};
		BFB88E5F1970614600A4E7FB /* iOS_Project_ProtoTypeTests */ = {
			isa = PBXGroup;
			children = (
				BFB88E651970614600A4E7FB /* iOS_Project_ProtoTypeTests.m */,
				BFB88E601970614600A4E7FB /* Supporting Files */,
			);
			path = iOS_Project_ProtoTypeTests;
			sourceTree = "<group>";
		};
		BFB88E601970614600A4E7FB /* Supporting Files */ = {
			isa = PBXGroup;
			children = (
				BFB88E611970614600A4E7FB /* iOS_Project_ProtoTypeTests-Info.plist */,
				BFB88E621970614600A4E7FB /* InfoPlist.strings */,
			);
			name = "Supporting Files";
			sourceTree = "<group>";
		};
/* End PBXGroup section */

/* Begin PBXNativeTarget section */
		BFB88E361970614600A4E7FB /* iOS_Project_ProtoType */ = {
			isa = PBXNativeTarget;
			buildConfigurationList = BFB88E691970614600A4E7FB /* Build configuration list for PBXNativeTarget "iOS_Project_ProtoType" */;
			buildPhases = (
				BFB88E331970614600A4E7FB /* Sources */,
				BFB88E341970614600A4E7FB /* Frameworks */,
				BFB88E351970614600A4E7FB /* Resources */,
			);
			buildRules = (
			);
			dependencies = (
			);
			name = iOS_Project_ProtoType;
			productName = iOS_Project_ProtoType;
			productReference = BFB88E371970614600A4E7FB /* iOS_Project_ProtoType.app */;
			productType = "com.apple.product-type.application";
		};
		BFB88E571970614600A4E7FB /* iOS_Project_ProtoTypeTests */ = {
			isa = PBXNativeTarget;
			buildConfigurationList = BFB88E6C1970614600A4E7FB /* Build configuration list for PBXNativeTarget "iOS_Project_ProtoTypeTests" */;
			buildPhases = (
				BFB88E541970614600A4E7FB /* Sources */,
				BFB88E551970614600A4E7FB /* Frameworks */,
				BFB88E561970614600A4E7FB /* Resources */,
			);
			buildRules = (
			);
			dependencies = (
				BFB88E5E1970614600A4E7FB /* PBXTargetDependency */,
			);
			name = iOS_Project_ProtoTypeTests;
			productName = iOS_Project_ProtoTypeTests;
			productReference = BFB88E581970614600A4E7FB /* iOS_Project_ProtoTypeTests.xctest */;
			productType = "com.apple.product-type.bundle.unit-test";
		};
/* End PBXNativeTarget section */

/* Begin PBXProject section */
		BFB88E2F1970614600A4E7FB /* Project object */ = {
			isa = PBXProject;
			attributes = {
				LastUpgradeCheck = 0510;
				ORGANIZATIONNAME = "___FULLUSERNAME___";
				TargetAttributes = {
					BFB88E571970614600A4E7FB = {
						TestTargetID = BFB88E361970614600A4E7FB;
					};
				};
			};
			buildConfigurationList = BFB88E321970614600A4E7FB /* Build configuration list for PBXProject "iOS_Project_ProtoType" */;
			compatibilityVersion = "Xcode 3.2";
			developmentRegion = English;
			hasScannedForEncodings = 0;
			knownRegions = (
				en,
				Base,
			);
			mainGroup = BFB88E2E1970614600A4E7FB;
			productRefGroup = BFB88E381970614600A4E7FB /* Products */;
			projectDirPath = "";
			projectRoot = "";
			targets = (
				BFB88E361970614600A4E7FB /* iOS_Project_ProtoType */,
				BFB88E571970614600A4E7FB /* iOS_Project_ProtoTypeTests */,
			);
		};
/* End PBXProject section */

/* Begin PBXResourcesBuildPhase section */
		BFB88E351970614600A4E7FB /* Resources */ = {
			isa = PBXResourcesBuildPhase;
			buildActionMask = 2147483647;
			files = (
				BFB88E531970614600A4E7FB /* Images.xcassets in Resources */,
				BFB88E451970614600A4E7FB /* InfoPlist.strings in Resources */,
				BFB88E4E1970614600A4E7FB /* Main.storyboard in Resources */,
			);
			runOnlyForDeploymentPostprocessing = 0;
		};
		BFB88E561970614600A4E7FB /* Resources */ = {
			isa = PBXResourcesBuildPhase;
			buildActionMask = 2147483647;
			files = (
				BFB88E641970614600A4E7FB /* InfoPlist.strings in Resources */,
			);
			runOnlyForDeploymentPostprocessing = 0;
		};
/* End PBXResourcesBuildPhase section */

/* Begin PBXSourcesBuildPhase section */
		BFB88E331970614600A4E7FB /* Sources */ = {
			isa = PBXSourcesBuildPhase;
			buildActionMask = 2147483647;
			files = (
				BFB88E511970614600A4E7FB /* ViewController.m in Sources */,
				BFB88E4B1970614600A4E7FB /* AppDelegate.m in Sources */,
				BFB88E471970614600A4E7FB /* main.m in Sources */,
				BFB88E711970616F00A4E7FB /* DBManager.m in Sources */,
			);
			runOnlyForDeploymentPostprocessing = 0;
		};
		BFB88E541970614600A4E7FB /* Sources */ = {
			isa = PBXSourcesBuildPhase;
			buildActionMask = 2147483647;
			files = (
				BFB88E661970614600A4E7FB /* iOS_Project_ProtoTypeTests.m in Sources */,
			);
			runOnlyForDeploymentPostprocessing = 0;
		};
/* End PBXSourcesBuildPhase section */

/* Begin PBXTargetDependency section */
		BFB88E5E1970614600A4E7FB /* PBXTargetDependency */ = {
			isa = PBXTargetDependency;
			target = BFB88E361970614600A4E7FB /* iOS_Project_ProtoType */;
			targetProxy = BFB88E5D1970614600A4E7FB /* PBXContainerItemProxy */;
		};
/* End PBXTargetDependency section */

/* Begin PBXVariantGroup section */
		BFB88E431970614600A4E7FB /* InfoPlist.strings */ = {
			isa = PBXVariantGroup;
			children = (
				BFB88E441970614600A4E7FB /* en */,
			);
			name = InfoPlist.strings;
			sourceTree = "<group>";
		};
		BFB88E4C1970614600A4E7FB /* Main.storyboard */ = {
			isa = PBXVariantGroup;
			children = (
				BFB88E4D1970614600A4E7FB /* Base */,
			);
			name = Main.storyboard;
			sourceTree = "<group>";
		};
		BFB88E621970614600A4E7FB /* InfoPlist.strings */ = {
			isa = PBXVariantGroup;
			children = (
				BFB88E631970614600A4E7FB /* en */,
			);
			name = InfoPlist.strings;
			sourceTree = "<group>";
		};
/* End PBXVariantGroup section */

/* Begin XCBuildConfiguration section */
		BFB88E671970614600A4E7FB /* Debug */ = {
			isa = XCBuildConfiguration;
			buildSettings = {
				ALWAYS_SEARCH_USER_PATHS = NO;
				CLANG_CXX_LANGUAGE_STANDARD = "gnu++0x";
				CLANG_CXX_LIBRARY = "libc++";
				CLANG_ENABLE_MODULES = YES;
				CLANG_ENABLE_OBJC_ARC = YES;
				CLANG_WARN_BOOL_CONVERSION = YES;
				CLANG_WARN_CONSTANT_CONVERSION = YES;
				CLANG_WARN_DIRECT_OBJC_ISA_USAGE = YES_ERROR;
				CLANG_WARN_EMPTY_BODY = YES;
				CLANG_WARN_ENUM_CONVERSION = YES;
				CLANG_WARN_INT_CONVERSION = YES;
				CLANG_WARN_OBJC_ROOT_CLASS = YES_ERROR;
				CLANG_WARN__DUPLICATE_METHOD_MATCH = YES;
				"CODE_SIGN_IDENTITY[sdk=iphoneos*]" = "iPhone Developer";
				COPY_PHASE_STRIP = NO;
				GCC_C_LANGUAGE_STANDARD = gnu99;
				GCC_DYNAMIC_NO_PIC = NO;
				GCC_OPTIMIZATION_LEVEL = 0;
				GCC_PREPROCESSOR_DEFINITIONS = (
					"DEBUG=1",
					"$(inherited)",
				);
				GCC_SYMBOLS_PRIVATE_EXTERN = NO;
				GCC_WARN_64_TO_32_BIT_CONVERSION = YES;
				GCC_WARN_ABOUT_RETURN_TYPE = YES_ERROR;
				GCC_WARN_UNDECLARED_SELECTOR = YES;
				GCC_WARN_UNINITIALIZED_AUTOS = YES_AGGRESSIVE;
				GCC_WARN_UNUSED_FUNCTION = YES;
				GCC_WARN_UNUSED_VARIABLE = YES;
				IPHONEOS_DEPLOYMENT_TARGET = 7.1;
				ONLY_ACTIVE_ARCH = YES;
				SDKROOT = iphoneos;
			};
			name = Debug;
		};
		BFB88E681970614600A4E7FB /* Release */ = {
			isa = XCBuildConfiguration;
			buildSettings = {
				ALWAYS_SEARCH_USER_PATHS = NO;
				CLANG_CXX_LANGUAGE_STANDARD = "gnu++0x";
				CLANG_CXX_LIBRARY = "libc++";
				CLANG_ENABLE_MODULES = YES;
				CLANG_ENABLE_OBJC_ARC = YES;
				CLANG_WARN_BOOL_CONVERSION = YES;
				CLANG_WARN_CONSTANT_CONVERSION = YES;
				CLANG_WARN_DIRECT_OBJC_ISA_USAGE = YES_ERROR;
				CLANG_WARN_EMPTY_BODY = YES;
				CLANG_WARN_ENUM_CONVERSION = YES;
				CLANG_WARN_INT_CONVERSION = YES;
				CLANG_WARN_OBJC_ROOT_CLASS = YES_ERROR;
				CLANG_WARN__DUPLICATE_METHOD_MATCH = YES;
				"CODE_SIGN_IDENTITY[sdk=iphoneos*]" = "iPhone Developer";
				COPY_PHASE_STRIP = YES;
				ENABLE_NS_ASSERTIONS = NO;
				GCC_C_LANGUAGE_STANDARD = gnu99;
				GCC_WARN_64_TO_32_BIT_CONVERSION = YES;
				GCC_WARN_ABOUT_RETURN_TYPE = YES_ERROR;
				GCC_WARN_UNDECLARED_SELECTOR = YES;
				GCC_WARN_UNINITIALIZED_AUTOS = YES_AGGRESSIVE;
				GCC_WARN_UNUSED_FUNCTION = YES;
				GCC_WARN_UNUSED_VARIABLE = YES;
				IPHONEOS_DEPLOYMENT_TARGET = 7.1;
				SDKROOT = iphoneos;
				VALIDATE_PRODUCT = YES;
			};
			name = Release;
		};
		BFB88E6A1970614600A4E7FB /* Debug */ = {
			isa = XCBuildConfiguration;
			buildSettings = {
				ASSETCATALOG_COMPILER_APPICON_NAME = AppIcon;
				ASSETCATALOG_COMPILER_LAUNCHIMAGE_NAME = LaunchImage;
				GCC_PRECOMPILE_PREFIX_HEADER = YES;
				GCC_PREFIX_HEADER = "iOS_Project_ProtoType/iOS_Project_ProtoType-Prefix.pch";
				INFOPLIST_FILE = "iOS_Project_ProtoType/iOS_Project_ProtoType-Info.plist";
				PRODUCT_NAME = "$(TARGET_NAME)";
				WRAPPER_EXTENSION = app;
			};
			name = Debug;
		};
		BFB88E6B1970614600A4E7FB /* Release */ = {
			isa = XCBuildConfiguration;
			buildSettings = {
				ASSETCATALOG_COMPILER_APPICON_NAME = AppIcon;
				ASSETCATALOG_COMPILER_LAUNCHIMAGE_NAME = LaunchImage;
				GCC_PRECOMPILE_PREFIX_HEADER = YES;
				GCC_PREFIX_HEADER = "iOS_Project_ProtoType/iOS_Project_ProtoType-Prefix.pch";
				INFOPLIST_FILE = "iOS_Project_ProtoType/iOS_Project_ProtoType-Info.plist";
				PRODUCT_NAME = "$(TARGET_NAME)";
				WRAPPER_EXTENSION = app;
			};
			name = Release;
		};
		BFB88E6D1970614600A4E7FB /* Debug */ = {
			isa = XCBuildConfiguration;
			buildSettings = {
				BUNDLE_LOADER = "$(BUILT_PRODUCTS_DIR)/iOS_Project_ProtoType.app/iOS_Project_ProtoType";
				FRAMEWORK_SEARCH_PATHS = (
					"$(SDKROOT)/Developer/Library/Frameworks",
					"$(inherited)",
					"$(DEVELOPER_FRAMEWORKS_DIR)",
				);
				GCC_PRECOMPILE_PREFIX_HEADER = YES;
				GCC_PREFIX_HEADER = "iOS_Project_ProtoType/iOS_Project_ProtoType-Prefix.pch";
				GCC_PREPROCESSOR_DEFINITIONS = (
					"DEBUG=1",
					"$(inherited)",
				);
				INFOPLIST_FILE = "iOS_Project_ProtoTypeTests/iOS_Project_ProtoTypeTests-Info.plist";
				PRODUCT_NAME = "$(TARGET_NAME)";
				TEST_HOST = "$(BUNDLE_LOADER)";
				WRAPPER_EXTENSION = xctest;
			};
			name = Debug;
		};
		BFB88E6E1970614600A4E7FB /* Release */ = {
			isa = XCBuildConfiguration;
			buildSettings = {
				BUNDLE_LOADER = "$(BUILT_PRODUCTS_DIR)/iOS_Project_ProtoType.app/iOS_Project_ProtoType";
				FRAMEWORK_SEARCH_PATHS = (
					"$(SDKROOT)/Developer/Library/Frameworks",
					"$(inherited)",
					"$(DEVELOPER_FRAMEWORKS_DIR)",
				);
				GCC_PRECOMPILE_PREFIX_HEADER = YES;
				GCC_PREFIX_HEADER = "iOS_Project_ProtoType/iOS_Project_ProtoType-Prefix.pch";
				INFOPLIST_FILE = "iOS_Project_ProtoTypeTests/iOS_Project_ProtoTypeTests-Info.plist";
				PRODUCT_NAME = "$(TARGET_NAME)";
				TEST_HOST = "$(BUNDLE_LOADER)";
				WRAPPER_EXTENSION = xctest;
			};
			name = Release;
		};
/* End XCBuildConfiguration section */

/* Begin XCConfigurationList section */
		BFB88E321970614600A4E7FB /* Build configuration list for PBXProject "iOS_Project_ProtoType" */ = {
			isa = XCConfigurationList;
			buildConfigurations = (
				BFB88E671970614600A4E7FB /* Debug */,
				BFB88E681970614600A4E7FB /* Release */,
			);
			defaultConfigurationIsVisible = 0;
			defaultConfigurationName = Release;
		};
		BFB88E691970614600A4E7FB /* Build configuration list for PBXNativeTarget "iOS_Project_ProtoType" */ = {
			isa = XCConfigurationList;
			buildConfigurations = (
				BFB88E6A1970614600A4E7FB /* Debug */,
				BFB88E6B1970614600A4E7FB /* Release */,
			);
			defaultConfigurationIsVisible = 0;
		};
		BFB88E6C1970614600A4E7FB /* Build configuration list for PBXNativeTarget "iOS_Project_ProtoTypeTests" */ = {
			isa = XCConfigurationList;
			buildConfigurations = (
				BFB88E6D1970614600A4E7FB /* Debug */,
				BFB88E6E1970614600A4E7FB /* Release */,
			);
			defaultConfigurationIsVisible = 0;
		};
/* End XCConfigurationList section */
	};
	rootObject = BFB88E2F1970614600A4E7FB /* Project object */;
}
